{
  "requires": true,
  "lockfileVersion": 1,
  "dependencies": {
    "@lottiefiles/lottie-player": {
      "version": "0.5.1",
      "resolved": "https://registry.npmjs.org/@lottiefiles/lottie-player/-/lottie-player-0.5.1.tgz",
      "integrity": "sha512-yAcYc8FVHZ6zIXvWazy1u5nIAjb11DGUNJwzWdu/psOtdCMHZmF1ayZk7jDDCladdG4C3DN2SktbmRzaDeUxcw==",
      "requires": {
        "@types/pako": "^1.0.1",
        "lit-element": "^2.3.1",
        "lottie-web": "^5.6.6",
        "pako": "^1.0.11",
        "resize-observer-polyfill": "^1.5.1"
      }
    },
    "@types/pako": {
      "version": "1.0.1",
      "resolved": "https://registry.npmjs.org/@types/pako/-/pako-1.0.1.tgz",
      "integrity": "sha512-GdZbRSJ3Cv5fiwT6I0SQ3ckeN2PWNqxd26W9Z2fCK1tGrrasGy4puvNFtnddqH9UJFMQYXxEuuB7B8UK+LLwSg=="
    },
    "lit-element": {
      "version": "2.3.1",
      "resolved": "https://registry.npmjs.org/lit-element/-/lit-element-2.3.1.tgz",
      "integrity": "sha512-tOcUAmeO3BzwiQ7FGWdsshNvC0HVHcTFYw/TLIImmKwXYoV0E7zCBASa8IJ7DiP4cen/Yoj454gS0qqTnIGsFA==",
      "requires": {
        "lit-html": "^1.1.1"
      }
    },
    "lit-html": {
      "version": "1.2.1",
      "resolved": "https://registry.npmjs.org/lit-html/-/lit-html-1.2.1.tgz",
      "integrity": "sha512-GSJHHXMGLZDzTRq59IUfL9FCdAlGfqNp/dEa7k7aBaaWD+JKaCjsAk9KYm2V12ItonVaYx2dprN66Zdm1AuBTQ=="
    },
    "lottie-web": {
      "version": "5.6.8",
      "resolved": "https://registry.npmjs.org/lottie-web/-/lottie-web-5.6.8.tgz",
      "integrity": "sha512-2b7KDEIzpp3Y+u9BtFMHBkUFWe6TFgVdYvXvpfmbbxAL9XiwHUywAoWH1GhCCMmGqWqkxw8v4IxnOq/3hiOtJg=="
    },
    "pako": {
      "version": "1.0.11",
      "resolved": "https://registry.npmjs.org/pako/-/pako-1.0.11.tgz",
      "integrity": "sha512-4hLB8Py4zZce5s4yd9XzopqwVv/yGNhV1Bl8NTmCq1763HeK2+EwVTv+leGeL13Dnh2wfbqowVPXCIO0z4taYw=="
    },
    "resize-observer-polyfill": {
      "version": "1.5.1",
      "resolved": "https://registry.npmjs.org/resize-observer-polyfill/-/resize-observer-polyfill-1.5.1.tgz",
      "integrity": "sha512-LwZrotdHOo12nQuZlHEmtuXdqGoOD0OhaxopaNFxWzInpEgaLWoVuAMbTzixuosCx2nEG58ngzW3vxdWoxIgdg=="
    }
  }
}
